{
  "version": 4,
  "terraform_version": "1.4.0",
  "serial": 31,
  "lineage": "71d7dd52-7918-a4aa-3822-d5c60a718e2f",
  "outputs": {
    "tf-repo-repourl": {
      "value": "git@github.com:ankit100391/repofrom-tf.git",
      "type": "string"
    }
  },
  "resources": [
    {
      "mode": "managed",
      "type": "github_repository",
      "name": "TF-FIRST-REPO",
      "provider": "provider[\"registry.terraform.io/hashicorp/github\"]",
      "instances": [
        {
          "schema_version": 1,
          "attributes": {
            "allow_auto_merge": false,
            "allow_merge_commit": true,
            "allow_rebase_merge": true,
            "allow_squash_merge": true,
            "allow_update_branch": false,
            "archive_on_destroy": null,
            "archived": false,
            "auto_init": true,
            "default_branch": "main",
            "delete_branch_on_merge": false,
            "description": "My first-tf-repo",
            "etag": "W/\"f3b6663a02638d718d762db8b313364737b080f56136a7d74110ec9dac699dc3\"",
            "full_name": "ankit100391/repofrom-tf",
            "git_clone_url": "git://github.com/ankit100391/repofrom-tf.git",
            "gitignore_template": null,
            "has_discussions": false,
            "has_downloads": false,
            "has_issues": false,
            "has_projects": false,
            "has_wiki": false,
            "homepage_url": "",
            "html_url": "https://github.com/ankit100391/repofrom-tf",
            "http_clone_url": "https://github.com/ankit100391/repofrom-tf.git",
            "id": "repofrom-tf",
            "ignore_vulnerability_alerts_during_read": null,
            "is_template": false,
            "license_template": null,
            "merge_commit_message": "PR_TITLE",
            "merge_commit_title": "MERGE_MESSAGE",
            "name": "repofrom-tf",
            "node_id": "R_kgDOJiwsqw",
            "pages": [],
            "private": false,
            "repo_id": 640429227,
            "security_and_analysis": [
              {
                "advanced_security": [],
                "secret_scanning": [
                  {
                    "status": "disabled"
                  }
                ],
                "secret_scanning_push_protection": [
                  {
                    "status": "disabled"
                  }
                ]
              }
            ],
            "squash_merge_commit_message": "COMMIT_MESSAGES",
            "squash_merge_commit_title": "COMMIT_OR_PR_TITLE",
            "ssh_clone_url": "git@github.com:ankit100391/repofrom-tf.git",
            "svn_url": "https://github.com/ankit100391/repofrom-tf",
            "template": [],
            "topics": null,
            "visibility": "public",
            "vulnerability_alerts": false
          },
          "sensitive_attributes": [],
          "private": "eyJzY2hlbWFfdmVyc2lvbiI6IjEifQ=="
        }
      ]
    }
  ],
  "check_results": null
}
